# tools/refs.lock - the recorded-reference inventory of tools/view.js (#216 probe-half).
# One row per probe verdict that compares a measured value against a recorded literal, in the
# form:  ref <TAB> probe <TAB> row <TAB> kind <TAB> value(s), space separated.
# Regenerate:  node tools/view.js refs --record      Assert:  node tools/view.js refs
# A declaration with no row here fails REFS-DECLARED-MISSING; a row with no declaration fails
# REFS-IN-TABLE-UNDECLARED; an edited literal fails REFS-VALUES-MOVED. None of the three is a
# warning, and the row runs inside flatparity, which ci.yml runs blocking.
ref	alt	OOB-ERA	num	19 10 16
ref	alt	OOB-NONCLIMB	num	0 0 0
ref	alt	PIT-CELLS	num	190 194 211
ref	alt	PIT-MEAN	num	0.262 0.294 0.297
ref	anim	NECK-BAND	num	6.1 2.7 3.4
ref	anim	NECK-TUBE	num	41 43.2 40
ref	bands	SEAM-FRAME	md5	4bfb28ba4ea318905a9741ad6b4537fe 19f18bf3e1e813bbf183c20f5e47c67d 214b8a1439d72c51a4286c15db5aaceb 15344b2491d563c43a9cc9561a8d59e8
ref	cull	CZBAND	crc32	0xabb4ee14 0x69425d54 0xed78a5b0 0x401524ac
ref	cull	CZBAND-LIGHT	crc32	0xb34f4fc0 0x3a016a47 0xad0252c0 0x6b8394bc
ref	exposure	MEDIAN	num	71 70 69 64
ref	exposure	SPAWN	num	62 68 66 64 65 72 58 61
ref	flatparity	DEALT	md5	0cbac2650ff2ec559f19be1d8f2f0dab 659b2fc2796a27ff2f3a102fb1c26715 529fe0c79f3b5ec0bbcac5db408ef571 b05a3a480ccfc2c6c7dfbe867fe5a485
ref	flatparity	LOCK	md5	619e10b73e0fe00b61b9d39091f04972 fbcff86d51a87fc3df0279ab205cecd5 4acc06cbddd9ca6583703081a8069c1b 17bea9601abf8969ea6e9960dd1b8e2a
ref	flatparity	PARITY	md5	a4db61f5161618586ae674047fc57cc2 fbcff86d51a87fc3df0279ab205cecd5 e4f90eb12f5ef993dc294fa96f89bfaa 17bea9601abf8969ea6e9960dd1b8e2a
ref	props	LAMPCORE	num	263 239.7 263 239.7 263 239.5
