# tools/refs.lock - the recorded-reference inventory of tools/view.js (#216 probe-half).
# One row per probe verdict that compares a measured value against a recorded literal, in the
# form:  ref <TAB> probe <TAB> row <TAB> kind <TAB> value(s), space separated.
# Regenerate:  node tools/view.js refs --record      Assert:  node tools/view.js refs
# A declaration with no row here fails REFS-DECLARED-MISSING; a row with no declaration fails
# REFS-IN-TABLE-UNDECLARED; an edited literal fails REFS-VALUES-MOVED. None of the three is a
# warning, and the row runs inside flatparity, which ci.yml runs blocking.
ref	alt	DARK-COVERED	num	94.9 70.5 67.7 48.4
ref	alt	DARK-SHARE	num	4.0 10.7 6.1 24.2
ref	alt	GRID-CENSUS	num	9 170 2 46 9 251 2 52 9 307 2 52 9 134 4 15
ref	alt	OOB-ERA	num	19 10 16 0
ref	alt	OOB-NONCLIMB	num	0 0 0 0
ref	alt	PIT-CELLS	num	190 194 211 204
ref	alt	PIT-MEAN	num	0.262 0.294 0.297 0.287
ref	anim	NECK-BAND	num	6.1 2.7 3.4
ref	anim	NECK-TUBE	num	41 43.2 40
ref	bands	SEAM-FRAME	md5	3a78e385e4d719f8aafb67752d2d6549 b04b226ce20a5c7b380924906156ee76 b2d1a4e622eeafefc9ed96b23d4940ce f53a04830334bca47bc6e44def36d123
ref	contrast	TORSO-DL	num	2.52 2.17 2.41
ref	cull	CZBAND	crc32	0x1ad75c30 0xe4dd7718 0x4abfcb22 0x52487fb4
ref	cull	CZBAND-LIGHT	crc32	0xb34f4fc0 0x3a016a47 0xad0252c0 0x04c0b554
ref	exposure	MEDIAN	num	68 69 62 82
ref	exposure	SPAWN	num	61 67 65 64 60 69 49 53
ref	flatparity	DEALT	md5	2e54456d8ebb08015828508470d70449 d5ed0d7a1b031d314defea25d2c44d77 da5d298c6fced453a60bcc1e3452b905 d43e759f1d63149386684a4b3c2be3fd
ref	flatparity	LOCK	md5	ec2cc793ac48972b35be8b133ebcb9cc 68a76c6c99c80ca891080b72c5e3c2ca 36369fe90b27c62cf643421e57a454d7 c42210ecbea7ed28543eafe8a4fbeff4
ref	flatparity	PARITY	md5	102045ced76890856c73be80f0582a5a 68a76c6c99c80ca891080b72c5e3c2ca 2d687a58f173a21263890e271f5c3550 c42210ecbea7ed28543eafe8a4fbeff4
ref	heights	HALF-MOVE	num	97.66 31.21 82.05 95.47 42.83 61.97 98.03 33.82 29.80 95.62 42.81 64.45 97.73 32.57 81.13 95.34 42.88 63.32 97.74 23.55 21.24 95.58 38.09 54.26
ref	props	CTRL-RAT	num	0.479 0.551 0.306 0.716
ref	props	LAMPCORE	num	263 239.6 263 239.6 263 239.4 245 239.5
ref	viewmodel	VM-REBUILD	num	0.50
ref	viewmodel	VM-SHARE	num	0.10
