# tools/refs.lock - the recorded-reference inventory of tools/view.js (#216 probe-half).
# One row per probe verdict that compares a measured value against a recorded literal, in the
# form:  ref <TAB> probe <TAB> row <TAB> kind <TAB> value(s), space separated.
# Regenerate:  node tools/view.js refs --record      Assert:  node tools/view.js refs
# A declaration with no row here fails REFS-DECLARED-MISSING; a row with no declaration fails
# REFS-IN-TABLE-UNDECLARED; an edited literal fails REFS-VALUES-MOVED. None of the three is a
# warning, and the row runs inside flatparity, which ci.yml runs blocking.
ref	alt	OOB-ERA	num	19 10 16
ref	alt	OOB-NONCLIMB	num	0 0 0
ref	alt	PIT-CELLS	num	190 194 211
ref	alt	PIT-MEAN	num	0.262 0.294 0.297
ref	bands	SEAM-FRAME	md5	047e4b0615538fffedfc0352cd2e10a6 35cfc2377560ebf45217573991495570 cc04ff9ae97559d1b4aa77725f5fecc0 02e4f5e368c365630fa2578aca141ae4
ref	cull	CZBAND	crc32	0x9706a700 0xb8e3a4d8 0xb87d5c84 0x44f713c8
ref	cull	CZBAND-LIGHT	crc32	0xb34f4fc0 0x3a016a47 0xad0252c0 0x6b8394bc
ref	exposure	MEDIAN	num	72 70 69 64
ref	exposure	SPAWN	num	62 68 66 64 65 72 58 59
ref	flatparity	DEALT	md5	0b73ffaf55ad6e75024bb900dd5ad4cc 00953f226435d18a0f3f8fb4cf8d61d3 529fe0c79f3b5ec0bbcac5db408ef571 c3a623d1a487a08c74a23db9d62910e1
ref	flatparity	LOCK	md5	8ca120aafe8fe02b575f115728011b8a f608074901f49a286314341a70585a6c e193150a9373714a39f4e1d7c48da39f 1d86ed96f5827519ecd9f43390e9dedc
ref	flatparity	PARITY	md5	8ec13ec085b440a611309fc5516adca5 f608074901f49a286314341a70585a6c 02c493550ef6f91f281927fb0be110b6 1d86ed96f5827519ecd9f43390e9dedc
ref	props	LAMPCORE	num	263 239.6 263 239.5 263 239.5
